
Microsoft Visual Studio Solution File, Format Version 12.00
# Visual Studio Version 17
VisualStudioVersion = 17.5.33414.496
MinimumVisualStudioVersion = 10.0.40219.1
Project("{FAE04EC0-301F-11D3-BF4B-00C04F79EFBC}") = "lesson14", "lesson14.csproj", "{BBFD6863-BB05-4FF0-BB0B-7B60FD43AF10}"
EndProject
Global
	GlobalSection(SolutionConfigurationPlatforms) = preSolution
		Debug|Any CPU = Debug|Any CPU
		Release|Any CPU = Release|Any CPU
	EndGlobalSection
	GlobalSection(ProjectConfigurationPlatforms) = postSolution
		{BBFD6863-BB05-4FF0-BB0B-7B60FD43AF10}.Debug|Any CPU.ActiveCfg = Debug|Any CPU
		{BBFD6863-BB05-4FF0-BB0B-7B60FD43AF10}.Debug|Any CPU.Build.0 = Debug|Any CPU
		{BBFD6863-BB05-4FF0-BB0B-7B60FD43AF10}.Release|Any CPU.ActiveCfg = Release|Any CPU
		{BBFD6863-BB05-4FF0-BB0B-7B60FD43AF10}.Release|Any CPU.Build.0 = Release|Any CPU
	EndGlobalSection
	GlobalSection(SolutionProperties) = preSolution
		HideSolutionNode = FALSE
	EndGlobalSection
	GlobalSection(ExtensibilityGlobals) = postSolution
		SolutionGuid = {9F92E5FD-3B9B-4961-BF62-99CC1803CA99}
	EndGlobalSection
EndGlobal
