
Microsoft Visual Studio Solution File, Format Version 12.00
# Visual Studio Version 17
VisualStudioVersion = 17.5.33414.496
MinimumVisualStudioVersion = 10.0.40219.1
Project("{FAE04EC0-301F-11D3-BF4B-00C04F79EFBC}") = "lesson13", "lesson13.csproj", "{05B4CF04-FDE8-4956-AF30-221825B33D61}"
EndProject
Global
	GlobalSection(SolutionConfigurationPlatforms) = preSolution
		Debug|Any CPU = Debug|Any CPU
		Release|Any CPU = Release|Any CPU
	EndGlobalSection
	GlobalSection(ProjectConfigurationPlatforms) = postSolution
		{05B4CF04-FDE8-4956-AF30-221825B33D61}.Debug|Any CPU.ActiveCfg = Debug|Any CPU
		{05B4CF04-FDE8-4956-AF30-221825B33D61}.Debug|Any CPU.Build.0 = Debug|Any CPU
		{05B4CF04-FDE8-4956-AF30-221825B33D61}.Release|Any CPU.ActiveCfg = Release|Any CPU
		{05B4CF04-FDE8-4956-AF30-221825B33D61}.Release|Any CPU.Build.0 = Release|Any CPU
	EndGlobalSection
	GlobalSection(SolutionProperties) = preSolution
		HideSolutionNode = FALSE
	EndGlobalSection
	GlobalSection(ExtensibilityGlobals) = postSolution
		SolutionGuid = {598FC408-F302-4DCF-B183-F0DA0878C17E}
	EndGlobalSection
EndGlobal
