
Microsoft Visual Studio Solution File, Format Version 12.00
# Visual Studio Version 17
VisualStudioVersion = 17.5.33414.496
MinimumVisualStudioVersion = 10.0.40219.1
Project("{FAE04EC0-301F-11D3-BF4B-00C04F79EFBC}") = "ConsoleApp", "ConsoleApp.csproj", "{857FDA1E-1AA4-4FA0-8A6E-EA1EE1FC2396}"
EndProject
Global
	GlobalSection(SolutionConfigurationPlatforms) = preSolution
		Debug|Any CPU = Debug|Any CPU
		Release|Any CPU = Release|Any CPU
	EndGlobalSection
	GlobalSection(ProjectConfigurationPlatforms) = postSolution
		{857FDA1E-1AA4-4FA0-8A6E-EA1EE1FC2396}.Debug|Any CPU.ActiveCfg = Debug|Any CPU
		{857FDA1E-1AA4-4FA0-8A6E-EA1EE1FC2396}.Debug|Any CPU.Build.0 = Debug|Any CPU
		{857FDA1E-1AA4-4FA0-8A6E-EA1EE1FC2396}.Release|Any CPU.ActiveCfg = Release|Any CPU
		{857FDA1E-1AA4-4FA0-8A6E-EA1EE1FC2396}.Release|Any CPU.Build.0 = Release|Any CPU
	EndGlobalSection
	GlobalSection(SolutionProperties) = preSolution
		HideSolutionNode = FALSE
	EndGlobalSection
	GlobalSection(ExtensibilityGlobals) = postSolution
		SolutionGuid = {2EEADB40-6D66-4122-8B81-5B71641D648B}
	EndGlobalSection
EndGlobal
