
Microsoft Visual Studio Solution File, Format Version 12.00
# Visual Studio Version 17
VisualStudioVersion = 17.5.33414.496
MinimumVisualStudioVersion = 10.0.40219.1
Project("{FAE04EC0-301F-11D3-BF4B-00C04F79EFBC}") = "lesson 15", "lesson 15.csproj", "{BD306671-08DC-4247-A561-87C00646A841}"
EndProject
Global
	GlobalSection(SolutionConfigurationPlatforms) = preSolution
		Debug|Any CPU = Debug|Any CPU
		Release|Any CPU = Release|Any CPU
	EndGlobalSection
	GlobalSection(ProjectConfigurationPlatforms) = postSolution
		{BD306671-08DC-4247-A561-87C00646A841}.Debug|Any CPU.ActiveCfg = Debug|Any CPU
		{BD306671-08DC-4247-A561-87C00646A841}.Debug|Any CPU.Build.0 = Debug|Any CPU
		{BD306671-08DC-4247-A561-87C00646A841}.Release|Any CPU.ActiveCfg = Release|Any CPU
		{BD306671-08DC-4247-A561-87C00646A841}.Release|Any CPU.Build.0 = Release|Any CPU
	EndGlobalSection
	GlobalSection(SolutionProperties) = preSolution
		HideSolutionNode = FALSE
	EndGlobalSection
	GlobalSection(ExtensibilityGlobals) = postSolution
		SolutionGuid = {15E6F554-B120-47C5-838C-CF4E03A2F861}
	EndGlobalSection
EndGlobal
