
Microsoft Visual Studio Solution File, Format Version 12.00
# Visual Studio Version 17
VisualStudioVersion = 17.5.33414.496
MinimumVisualStudioVersion = 10.0.40219.1
Project("{FAE04EC0-301F-11D3-BF4B-00C04F79EFBC}") = "lesson20forms", "lesson20forms.csproj", "{5D6AA400-A6C7-4596-8A8C-0A610A47B37B}"
EndProject
Global
	GlobalSection(SolutionConfigurationPlatforms) = preSolution
		Debug|Any CPU = Debug|Any CPU
		Release|Any CPU = Release|Any CPU
	EndGlobalSection
	GlobalSection(ProjectConfigurationPlatforms) = postSolution
		{5D6AA400-A6C7-4596-8A8C-0A610A47B37B}.Debug|Any CPU.ActiveCfg = Debug|Any CPU
		{5D6AA400-A6C7-4596-8A8C-0A610A47B37B}.Debug|Any CPU.Build.0 = Debug|Any CPU
		{5D6AA400-A6C7-4596-8A8C-0A610A47B37B}.Release|Any CPU.ActiveCfg = Release|Any CPU
		{5D6AA400-A6C7-4596-8A8C-0A610A47B37B}.Release|Any CPU.Build.0 = Release|Any CPU
	EndGlobalSection
	GlobalSection(SolutionProperties) = preSolution
		HideSolutionNode = FALSE
	EndGlobalSection
	GlobalSection(ExtensibilityGlobals) = postSolution
		SolutionGuid = {23DC7FAC-7D13-40F8-9F22-5D63CF8ECACF}
	EndGlobalSection
EndGlobal
