
Microsoft Visual Studio Solution File, Format Version 12.00
# Visual Studio Version 17
VisualStudioVersion = 17.5.33414.496
MinimumVisualStudioVersion = 10.0.40219.1
Project("{FAE04EC0-301F-11D3-BF4B-00C04F79EFBC}") = "lesson10", "lesson10.csproj", "{DDA24636-C58D-4EF1-B18A-08D716CCDB98}"
EndProject
Global
	GlobalSection(SolutionConfigurationPlatforms) = preSolution
		Debug|Any CPU = Debug|Any CPU
		Release|Any CPU = Release|Any CPU
	EndGlobalSection
	GlobalSection(ProjectConfigurationPlatforms) = postSolution
		{DDA24636-C58D-4EF1-B18A-08D716CCDB98}.Debug|Any CPU.ActiveCfg = Debug|Any CPU
		{DDA24636-C58D-4EF1-B18A-08D716CCDB98}.Debug|Any CPU.Build.0 = Debug|Any CPU
		{DDA24636-C58D-4EF1-B18A-08D716CCDB98}.Release|Any CPU.ActiveCfg = Release|Any CPU
		{DDA24636-C58D-4EF1-B18A-08D716CCDB98}.Release|Any CPU.Build.0 = Release|Any CPU
	EndGlobalSection
	GlobalSection(SolutionProperties) = preSolution
		HideSolutionNode = FALSE
	EndGlobalSection
	GlobalSection(ExtensibilityGlobals) = postSolution
		SolutionGuid = {3A008E34-F53E-4C09-A993-AFFCA1508442}
	EndGlobalSection
EndGlobal
